schema: '2.0'
stages:
  prepare:
    cmd: python src/00_prepare.py
    deps:
    - path: src/00_prepare.py
      md5: 4a9bb4f05e2baeb3730c737d79b46d41
      size: 420
    outs:
    - path: data
      md5: 1c3f56255f428ba5c49d83b2df7d1168.dir
      size: 5056
      nfiles: 2
  train:
    cmd: python src/01_train.py
    deps:
    - path: src/00_prepare.py
      md5: 4a9bb4f05e2baeb3730c737d79b46d41
      size: 420
    outs:
    - path: metrics/train
      md5: dee5ded4c24b72d75d919ab0ced364e9.dir
      size: 343
      nfiles: 1
    - path: model
      md5: 5c6931113377ff1ed33ad82d6b793bff.dir
      size: 7782
      nfiles: 1
